
Microsoft Visual Studio Solution File, Format Version 12.00
# Visual Studio 15
VisualStudioVersion = 15.0.28010.2003
MinimumVisualStudioVersion = 10.0.40219.1
Project("{FAE04EC0-301F-11D3-BF4B-00C04F79EFBC}") = "Final Exam (Hospital Patient Information)", "Final Exam (Hospital Patient Information)\Final Exam (Hospital Patient Information).csproj", "{EB83EBA2-1F7C-4D5D-B050-BA930BE57D48}"
EndProject
Global
	GlobalSection(SolutionConfigurationPlatforms) = preSolution
		Debug|Any CPU = Debug|Any CPU
		Release|Any CPU = Release|Any CPU
	EndGlobalSection
	GlobalSection(ProjectConfigurationPlatforms) = postSolution
		{EB83EBA2-1F7C-4D5D-B050-BA930BE57D48}.Debug|Any CPU.ActiveCfg = Debug|Any CPU
		{EB83EBA2-1F7C-4D5D-B050-BA930BE57D48}.Debug|Any CPU.Build.0 = Debug|Any CPU
		{EB83EBA2-1F7C-4D5D-B050-BA930BE57D48}.Release|Any CPU.ActiveCfg = Release|Any CPU
		{EB83EBA2-1F7C-4D5D-B050-BA930BE57D48}.Release|Any CPU.Build.0 = Release|Any CPU
	EndGlobalSection
	GlobalSection(SolutionProperties) = preSolution
		HideSolutionNode = FALSE
	EndGlobalSection
	GlobalSection(ExtensibilityGlobals) = postSolution
		SolutionGuid = {39E05FAC-8EE0-4D79-BC90-AC9651D3C36C}
	EndGlobalSection
EndGlobal
